// !$*UTF8*$!
{
	archiveVersion = 1;
	classes = {
	};
	objectVersion = 55;
	objects = {

/* Begin PBXBuildFile section */
		5A0493AE27F78055000ACF47 /* AppDelegate.swift in Sources */ = {isa = PBXBuildFile; fileRef = 5A0493AD27F78055000ACF47 /* AppDelegate.swift */; };
		5A0493B027F78055000ACF47 /* SceneDelegate.swift in Sources */ = {isa = PBXBuildFile; fileRef = 5A0493AF27F78055000ACF47 /* SceneDelegate.swift */; };
		5A0493B227F78055000ACF47 /* ViewController.swift in Sources */ = {isa = PBXBuildFile; fileRef = 5A0493B127F78055000ACF47 /* ViewController.swift */; };
		5A0493B527F78055000ACF47 /* Main.storyboard in Resources */ = {isa = PBXBuildFile; fileRef = 5A0493B327F78055000ACF47 /* Main.storyboard */; };
		5A0493B827F78055000ACF47 /* MAD_Ind04_Wasserott_Rebecca.xcdatamodeld in Sources */ = {isa = PBXBuildFile; fileRef = 5A0493B627F78055000ACF47 /* MAD_Ind04_Wasserott_Rebecca.xcdatamodeld */; };
		5A0493BA27F7805B000ACF47 /* Assets.xcassets in Resources */ = {isa = PBXBuildFile; fileRef = 5A0493B927F7805B000ACF47 /* Assets.xcassets */; };
		5A0493BD27F7805B000ACF47 /* LaunchScreen.storyboard in Resources */ = {isa = PBXBuildFile; fileRef = 5A0493BB27F7805B000ACF47 /* LaunchScreen.storyboard */; };
		5A0493C827F7805C000ACF47 /* MAD_Ind04_Wasserott_RebeccaTests.swift in Sources */ = {isa = PBXBuildFile; fileRef = 5A0493C727F7805C000ACF47 /* MAD_Ind04_Wasserott_RebeccaTests.swift */; };
		5A0493D227F7805C000ACF47 /* MAD_Ind04_Wasserott_RebeccaUITests.swift in Sources */ = {isa = PBXBuildFile; fileRef = 5A0493D127F7805C000ACF47 /* MAD_Ind04_Wasserott_RebeccaUITests.swift */; };
		5A0493D427F7805C000ACF47 /* MAD_Ind04_Wasserott_RebeccaUITestsLaunchTests.swift in Sources */ = {isa = PBXBuildFile; fileRef = 5A0493D327F7805C000ACF47 /* MAD_Ind04_Wasserott_RebeccaUITestsLaunchTests.swift */; };
		5A876A5727FB8A2D00287050 /* states.swift in Sources */ = {isa = PBXBuildFile; fileRef = 5A876A5627FB8A2D00287050 /* states.swift */; };
		5A876A5927FB8CC800287050 /* ApiService.swift in Sources */ = {isa = PBXBuildFile; fileRef = 5A876A5827FB8CC800287050 /* ApiService.swift */; };
		5A876A5D27FE2CC100287050 /* TableViewController.swift in Sources */ = {isa = PBXBuildFile; fileRef = 5A876A5C27FE2CC000287050 /* TableViewController.swift */; };
/* End PBXBuildFile section */

/* Begin PBXContainerItemProxy section */
		5A0493C427F7805C000ACF47 /* PBXContainerItemProxy */ = {
			isa = PBXContainerItemProxy;
			containerPortal = 5A0493A227F78055000ACF47 /* Project object */;
			proxyType = 1;
			remoteGlobalIDString = 5A0493A927F78055000ACF47;
			remoteInfo = MAD_Ind04_Wasserott_Rebecca;
		};
		5A0493CE27F7805C000ACF47 /* PBXContainerItemProxy */ = {
			isa = PBXContainerItemProxy;
			containerPortal = 5A0493A227F78055000ACF47 /* Project object */;
			proxyType = 1;
			remoteGlobalIDString = 5A0493A927F78055000ACF47;
			remoteInfo = MAD_Ind04_Wasserott_Rebecca;
		};
/* End PBXContainerItemProxy section */

/* Begin PBXFileReference section */
		5A0493AA27F78055000ACF47 /* MAD_Ind04_Wasserott_Rebecca.app */ = {isa = PBXFileReference; explicitFileType = wrapper.application; includeInIndex = 0; path = MAD_Ind04_Wasserott_Rebecca.app; sourceTree = BUILT_PRODUCTS_DIR; };
		5A0493AD27F78055000ACF47 /* AppDelegate.swift */ = {isa = PBXFileReference; lastKnownFileType = sourcecode.swift; path = AppDelegate.swift; sourceTree = "<group>"; };
		5A0493AF27F78055000ACF47 /* SceneDelegate.swift */ = {isa = PBXFileReference; lastKnownFileType = sourcecode.swift; path = SceneDelegate.swift; sourceTree = "<group>"; };
		5A0493B127F78055000ACF47 /* ViewController.swift */ = {isa = PBXFileReference; lastKnownFileType = sourcecode.swift; path = ViewController.swift; sourceTree = "<group>"; };
		5A0493B427F78055000ACF47 /* Base */ = {isa = PBXFileReference; lastKnownFileType = file.storyboard; name = Base; path = Base.lproj/Main.storyboard; sourceTree = "<group>"; };
		5A0493B727F78055000ACF47 /* MAD_Ind04_Wasserott_Rebecca.xcdatamodel */ = {isa = PBXFileReference; lastKnownFileType = wrapper.xcdatamodel; path = MAD_Ind04_Wasserott_Rebecca.xcdatamodel; sourceTree = "<group>"; };
		5A0493B927F7805B000ACF47 /* Assets.xcassets */ = {isa = PBXFileReference; lastKnownFileType = folder.assetcatalog; path = Assets.xcassets; sourceTree = "<group>"; };
		5A0493BC27F7805B000ACF47 /* Base */ = {isa = PBXFileReference; lastKnownFileType = file.storyboard; name = Base; path = Base.lproj/LaunchScreen.storyboard; sourceTree = "<group>"; };
		5A0493BE27F7805B000ACF47 /* Info.plist */ = {isa = PBXFileReference; lastKnownFileType = text.plist.xml; path = Info.plist; sourceTree = "<group>"; };
		5A0493C327F7805C000ACF47 /* MAD_Ind04_Wasserott_RebeccaTests.xctest */ = {isa = PBXFileReference; explicitFileType = wrapper.cfbundle; includeInIndex = 0; path = MAD_Ind04_Wasserott_RebeccaTests.xctest; sourceTree = BUILT_PRODUCTS_DIR; };
		5A0493C727F7805C000ACF47 /* MAD_Ind04_Wasserott_RebeccaTests.swift */ = {isa = PBXFileReference; lastKnownFileType = sourcecode.swift; path = MAD_Ind04_Wasserott_RebeccaTests.swift; sourceTree = "<group>"; };
		5A0493CD27F7805C000ACF47 /* MAD_Ind04_Wasserott_RebeccaUITests.xctest */ = {isa = PBXFileReference; explicitFileType = wrapper.cfbundle; includeInIndex = 0; path = MAD_Ind04_Wasserott_RebeccaUITests.xctest; sourceTree = BUILT_PRODUCTS_DIR; };
		5A0493D127F7805C000ACF47 /* MAD_Ind04_Wasserott_RebeccaUITests.swift */ = {isa = PBXFileReference; lastKnownFileType = sourcecode.swift; path = MAD_Ind04_Wasserott_RebeccaUITests.swift; sourceTree = "<group>"; };
		5A0493D327F7805C000ACF47 /* MAD_Ind04_Wasserott_RebeccaUITestsLaunchTests.swift */ = {isa = PBXFileReference; lastKnownFileType = sourcecode.swift; path = MAD_Ind04_Wasserott_RebeccaUITestsLaunchTests.swift; sourceTree = "<group>"; };
		5A876A5627FB8A2D00287050 /* states.swift */ = {isa = PBXFileReference; lastKnownFileType = sourcecode.swift; path = states.swift; sourceTree = "<group>"; };
		5A876A5827FB8CC800287050 /* ApiService.swift */ = {isa = PBXFileReference; lastKnownFileType = sourcecode.swift; path = ApiService.swift; sourceTree = "<group>"; };
		5A876A5C27FE2CC000287050 /* TableViewController.swift */ = {isa = PBXFileReference; lastKnownFileType = sourcecode.swift; path = TableViewController.swift; sourceTree = "<group>"; };
/* End PBXFileReference section */

/* Begin PBXFrameworksBuildPhase section */
		5A0493A727F78055000ACF47 /* Frameworks */ = {
			isa = PBXFrameworksBuildPhase;
			buildActionMask = 2147483647;
			files = (
			);
			runOnlyForDeploymentPostprocessing = 0;
		};
		5A0493C027F7805C000ACF47 /* Frameworks */ = {
			isa = PBXFrameworksBuildPhase;
			buildActionMask = 2147483647;
			files = (
			);
			runOnlyForDeploymentPostprocessing = 0;
		};
		5A0493CA27F7805C000ACF47 /* Frameworks */ = {
			isa = PBXFrameworksBuildPhase;
			buildActionMask = 2147483647;
			files = (
			);
			runOnlyForDeploymentPostprocessing = 0;
		};
/* End PBXFrameworksBuildPhase section */

/* Begin PBXGroup section */
		5A0493A127F78055000ACF47 = {
			isa = PBXGroup;
			children = (
				5A0493AC27F78055000ACF47 /* MAD_Ind04_Wasserott_Rebecca */,
				5A0493C627F7805C000ACF47 /* MAD_Ind04_Wasserott_RebeccaTests */,
				5A0493D027F7805C000ACF47 /* MAD_Ind04_Wasserott_RebeccaUITests */,
				5A0493AB27F78055000ACF47 /* Products */,
			);
			sourceTree = "<group>";
		};
		5A0493AB27F78055000ACF47 /* Products */ = {
			isa = PBXGroup;
			children = (
				5A0493AA27F78055000ACF47 /* MAD_Ind04_Wasserott_Rebecca.app */,
				5A0493C327F7805C000ACF47 /* MAD_Ind04_Wasserott_RebeccaTests.xctest */,
				5A0493CD27F7805C000ACF47 /* MAD_Ind04_Wasserott_RebeccaUITests.xctest */,
			);
			name = Products;
			sourceTree = "<group>";
		};
		5A0493AC27F78055000ACF47 /* MAD_Ind04_Wasserott_Rebecca */ = {
			isa = PBXGroup;
			children = (
				5A0493AD27F78055000ACF47 /* AppDelegate.swift */,
				5A0493AF27F78055000ACF47 /* SceneDelegate.swift */,
				5A0493B127F78055000ACF47 /* ViewController.swift */,
				5A876A5C27FE2CC000287050 /* TableViewController.swift */,
				5A876A5627FB8A2D00287050 /* states.swift */,
				5A876A5827FB8CC800287050 /* ApiService.swift */,
				5A0493B327F78055000ACF47 /* Main.storyboard */,
				5A0493B927F7805B000ACF47 /* Assets.xcassets */,
				5A0493BB27F7805B000ACF47 /* LaunchScreen.storyboard */,
				5A0493BE27F7805B000ACF47 /* Info.plist */,
				5A0493B627F78055000ACF47 /* MAD_Ind04_Wasserott_Rebecca.xcdatamodeld */,
			);
			path = MAD_Ind04_Wasserott_Rebecca;
			sourceTree = "<group>";
		};
		5A0493C627F7805C000ACF47 /* MAD_Ind04_Wasserott_RebeccaTests */ = {
			isa = PBXGroup;
			children = (
				5A0493C727F7805C000ACF47 /* MAD_Ind04_Wasserott_RebeccaTests.swift */,
			);
			path = MAD_Ind04_Wasserott_RebeccaTests;
			sourceTree = "<group>";
		};
		5A0493D027F7805C000ACF47 /* MAD_Ind04_Wasserott_RebeccaUITests */ = {
			isa = PBXGroup;
			children = (
				5A0493D127F7805C000ACF47 /* MAD_Ind04_Wasserott_RebeccaUITests.swift */,
				5A0493D327F7805C000ACF47 /* MAD_Ind04_Wasserott_RebeccaUITestsLaunchTests.swift */,
			);
			path = MAD_Ind04_Wasserott_RebeccaUITests;
			sourceTree = "<group>";
		};
/* End PBXGroup section */

/* Begin PBXNativeTarget section */
		5A0493A927F78055000ACF47 /* MAD_Ind04_Wasserott_Rebecca */ = {
			isa = PBXNativeTarget;
			buildConfigurationList = 5A0493D727F7805C000ACF47 /* Build configuration list for PBXNativeTarget "MAD_Ind04_Wasserott_Rebecca" */;
			buildPhases = (
				5A0493A627F78055000ACF47 /* Sources */,
				5A0493A727F78055000ACF47 /* Frameworks */,
				5A0493A827F78055000ACF47 /* Resources */,
			);
			buildRules = (
			);
			dependencies = (
			);
			name = MAD_Ind04_Wasserott_Rebecca;
			productName = MAD_Ind04_Wasserott_Rebecca;
			productReference = 5A0493AA27F78055000ACF47 /* MAD_Ind04_Wasserott_Rebecca.app */;
			productType = "com.apple.product-type.application";
		};
		5A0493C227F7805C000ACF47 /* MAD_Ind04_Wasserott_RebeccaTests */ = {
			isa = PBXNativeTarget;
			buildConfigurationList = 5A0493DA27F7805C000ACF47 /* Build configuration list for PBXNativeTarget "MAD_Ind04_Wasserott_RebeccaTests" */;
			buildPhases = (
				5A0493BF27F7805C000ACF47 /* Sources */,
				5A0493C027F7805C000ACF47 /* Frameworks */,
				5A0493C127F7805C000ACF47 /* Resources */,
			);
			buildRules = (
			);
			dependencies = (
				5A0493C527F7805C000ACF47 /* PBXTargetDependency */,
			);
			name = MAD_Ind04_Wasserott_RebeccaTests;
			productName = MAD_Ind04_Wasserott_RebeccaTests;
			productReference = 5A0493C327F7805C000ACF47 /* MAD_Ind04_Wasserott_RebeccaTests.xctest */;
			productType = "com.apple.product-type.bundle.unit-test";
		};
		5A0493CC27F7805C000ACF47 /* MAD_Ind04_Wasserott_RebeccaUITests */ = {
			isa = PBXNativeTarget;
			buildConfigurationList = 5A0493DD27F7805C000ACF47 /* Build configuration list for PBXNativeTarget "MAD_Ind04_Wasserott_RebeccaUITests" */;
			buildPhases = (
				5A0493C927F7805C000ACF47 /* Sources */,
				5A0493CA27F7805C000ACF47 /* Frameworks */,
				5A0493CB27F7805C000ACF47 /* Resources */,
			);
			buildRules = (
			);
			dependencies = (
				5A0493CF27F7805C000ACF47 /* PBXTargetDependency */,
			);
			name = MAD_Ind04_Wasserott_RebeccaUITests;
			productName = MAD_Ind04_Wasserott_RebeccaUITests;
			productReference = 5A0493CD27F7805C000ACF47 /* MAD_Ind04_Wasserott_RebeccaUITests.xctest */;
			productType = "com.apple.product-type.bundle.ui-testing";
		};
/* End PBXNativeTarget section */

/* Begin PBXProject section */
		5A0493A227F78055000ACF47 /* Project object */ = {
			isa = PBXProject;
			attributes = {
				BuildIndependentTargetsInParallel = 1;
				LastSwiftUpdateCheck = 1330;
				LastUpgradeCheck = 1330;
				TargetAttributes = {
					5A0493A927F78055000ACF47 = {
						CreatedOnToolsVersion = 13.3;
					};
					5A0493C227F7805C000ACF47 = {
						CreatedOnToolsVersion = 13.3;
						TestTargetID = 5A0493A927F78055000ACF47;
					};
					5A0493CC27F7805C000ACF47 = {
						CreatedOnToolsVersion = 13.3;
						TestTargetID = 5A0493A927F78055000ACF47;
					};
				};
			};
			buildConfigurationList = 5A0493A527F78055000ACF47 /* Build configuration list for PBXProject "MAD_Ind04_Wasserott_Rebecca" */;
			compatibilityVersion = "Xcode 13.0";
			developmentRegion = en;
			hasScannedForEncodings = 0;
			knownRegions = (
				en,
				Base,
			);
			mainGroup = 5A0493A127F78055000ACF47;
			productRefGroup = 5A0493AB27F78055000ACF47 /* Products */;
			projectDirPath = "";
			projectRoot = "";
			targets = (
				5A0493A927F78055000ACF47 /* MAD_Ind04_Wasserott_Rebecca */,
				5A0493C227F7805C000ACF47 /* MAD_Ind04_Wasserott_RebeccaTests */,
				5A0493CC27F7805C000ACF47 /* MAD_Ind04_Wasserott_RebeccaUITests */,
			);
		};
/* End PBXProject section */

/* Begin PBXResourcesBuildPhase section */
		5A0493A827F78055000ACF47 /* Resources */ = {
			isa = PBXResourcesBuildPhase;
			buildActionMask = 2147483647;
			files = (
				5A0493BD27F7805B000ACF47 /* LaunchScreen.storyboard in Resources */,
				5A0493BA27F7805B000ACF47 /* Assets.xcassets in Resources */,
				5A0493B527F78055000ACF47 /* Main.storyboard in Resources */,
			);
			runOnlyForDeploymentPostprocessing = 0;
		};
		5A0493C127F7805C000ACF47 /* Resources */ = {
			isa = PBXResourcesBuildPhase;
			buildActionMask = 2147483647;
			files = (
			);
			runOnlyForDeploymentPostprocessing = 0;
		};
		5A0493CB27F7805C000ACF47 /* Resources */ = {
			isa = PBXResourcesBuildPhase;
			buildActionMask = 2147483647;
			files = (
			);
			runOnlyForDeploymentPostprocessing = 0;
		};
/* End PBXResourcesBuildPhase section */

/* Begin PBXSourcesBuildPhase section */
		5A0493A627F78055000ACF47 /* Sources */ = {
			isa = PBXSourcesBuildPhase;
			buildActionMask = 2147483647;
			files = (
				5A876A5727FB8A2D00287050 /* states.swift in Sources */,
				5A876A5D27FE2CC100287050 /* TableViewController.swift in Sources */,
				5A0493B227F78055000ACF47 /* ViewController.swift in Sources */,
				5A876A5927FB8CC800287050 /* ApiService.swift in Sources */,
				5A0493AE27F78055000ACF47 /* AppDelegate.swift in Sources */,
				5A0493B027F78055000ACF47 /* SceneDelegate.swift in Sources */,
				5A0493B827F78055000ACF47 /* MAD_Ind04_Wasserott_Rebecca.xcdatamodeld in Sources */,
			);
			runOnlyForDeploymentPostprocessing = 0;
		};
		5A0493BF27F7805C000ACF47 /* Sources */ = {
			isa = PBXSourcesBuildPhase;
			buildActionMask = 2147483647;
			files = (
				5A0493C827F7805C000ACF47 /* MAD_Ind04_Wasserott_RebeccaTests.swift in Sources */,
			);
			runOnlyForDeploymentPostprocessing = 0;
		};
		5A0493C927F7805C000ACF47 /* Sources */ = {
			isa = PBXSourcesBuildPhase;
			buildActionMask = 2147483647;
			files = (
				5A0493D427F7805C000ACF47 /* MAD_Ind04_Wasserott_RebeccaUITestsLaunchTests.swift in Sources */,
				5A0493D227F7805C000ACF47 /* MAD_Ind04_Wasserott_RebeccaUITests.swift in Sources */,
			);
			runOnlyForDeploymentPostprocessing = 0;
		};
/* End PBXSourcesBuildPhase section */

/* Begin PBXTargetDependency section */
		5A0493C527F7805C000ACF47 /* PBXTargetDependency */ = {
			isa = PBXTargetDependency;
			target = 5A0493A927F78055000ACF47 /* MAD_Ind04_Wasserott_Rebecca */;
			targetProxy = 5A0493C427F7805C000ACF47 /* PBXContainerItemProxy */;
		};
		5A0493CF27F7805C000ACF47 /* PBXTargetDependency */ = {
			isa = PBXTargetDependency;
			target = 5A0493A927F78055000ACF47 /* MAD_Ind04_Wasserott_Rebecca */;
			targetProxy = 5A0493CE27F7805C000ACF47 /* PBXContainerItemProxy */;
		};
/* End PBXTargetDependency section */

/* Begin PBXVariantGroup section */
		5A0493B327F78055000ACF47 /* Main.storyboard */ = {
			isa = PBXVariantGroup;
			children = (
				5A0493B427F78055000ACF47 /* Base */,
			);
			name = Main.storyboard;
			sourceTree = "<group>";
		};
		5A0493BB27F7805B000ACF47 /* LaunchScreen.storyboard */ = {
			isa = PBXVariantGroup;
			children = (
				5A0493BC27F7805B000ACF47 /* Base */,
			);
			name = LaunchScreen.storyboard;
			sourceTree = "<group>";
		};
/* End PBXVariantGroup section */

/* Begin XCBuildConfiguration section */
		5A0493D527F7805C000ACF47 /* Debug */ = {
			isa = XCBuildConfiguration;
			buildSettings = {
				ALWAYS_SEARCH_USER_PATHS = NO;
				CLANG_ANALYZER_NONNULL = YES;
				CLANG_ANALYZER_NUMBER_OBJECT_CONVERSION = YES_AGGRESSIVE;
				CLANG_CXX_LANGUAGE_STANDARD = "gnu++17";
				CLANG_ENABLE_MODULES = YES;
				CLANG_ENABLE_OBJC_ARC = YES;
				CLANG_ENABLE_OBJC_WEAK = YES;
				CLANG_WARN_BLOCK_CAPTURE_AUTORELEASING = YES;
				CLANG_WARN_BOOL_CONVERSION = YES;
				CLANG_WARN_COMMA = YES;
				CLANG_WARN_CONSTANT_CONVERSION = YES;
				CLANG_WARN_DEPRECATED_OBJC_IMPLEMENTATIONS = YES;
				CLANG_WARN_DIRECT_OBJC_ISA_USAGE = YES_ERROR;
				CLANG_WARN_DOCUMENTATION_COMMENTS = YES;
				CLANG_WARN_EMPTY_BODY = YES;
				CLANG_WARN_ENUM_CONVERSION = YES;
				CLANG_WARN_INFINITE_RECURSION = YES;
				CLANG_WARN_INT_CONVERSION = YES;
				CLANG_WARN_NON_LITERAL_NULL_CONVERSION = YES;
				CLANG_WARN_OBJC_IMPLICIT_RETAIN_SELF = YES;
				CLANG_WARN_OBJC_LITERAL_CONVERSION = YES;
				CLANG_WARN_OBJC_ROOT_CLASS = YES_ERROR;
				CLANG_WARN_QUOTED_INCLUDE_IN_FRAMEWORK_HEADER = YES;
				CLANG_WARN_RANGE_LOOP_ANALYSIS = YES;
				CLANG_WARN_STRICT_PROTOTYPES = YES;
				CLANG_WARN_SUSPICIOUS_MOVE = YES;
				CLANG_WARN_UNGUARDED_AVAILABILITY = YES_AGGRESSIVE;
				CLANG_WARN_UNREACHABLE_CODE = YES;
				CLANG_WARN__DUPLICATE_METHOD_MATCH = YES;
				COPY_PHASE_STRIP = NO;
				DEBUG_INFORMATION_FORMAT = dwarf;
				ENABLE_STRICT_OBJC_MSGSEND = YES;
				ENABLE_TESTABILITY = YES;
				GCC_C_LANGUAGE_STANDARD = gnu11;
				GCC_DYNAMIC_NO_PIC = NO;
				GCC_NO_COMMON_BLOCKS = YES;
				GCC_OPTIMIZATION_LEVEL = 0;
				GCC_PREPROCESSOR_DEFINITIONS = (
					"DEBUG=1",
					"$(inherited)",
				);
				GCC_WARN_64_TO_32_BIT_CONVERSION = YES;
				GCC_WARN_ABOUT_RETURN_TYPE = YES_ERROR;
				GCC_WARN_UNDECLARED_SELECTOR = YES;
				GCC_WARN_UNINITIALIZED_AUTOS = YES_AGGRESSIVE;
				GCC_WARN_UNUSED_FUNCTION = YES;
				GCC_WARN_UNUSED_VARIABLE = YES;
				IPHONEOS_DEPLOYMENT_TARGET = 15.4;
				MTL_ENABLE_DEBUG_INFO = INCLUDE_SOURCE;
				MTL_FAST_MATH = YES;
				ONLY_ACTIVE_ARCH = YES;
				SDKROOT = iphoneos;
				SWIFT_ACTIVE_COMPILATION_CONDITIONS = DEBUG;
				SWIFT_OPTIMIZATION_LEVEL = "-Onone";
			};
			name = Debug;
		};
		5A0493D627F7805C000ACF47 /* Release */ = {
			isa = XCBuildConfiguration;
			buildSettings = {
				ALWAYS_SEARCH_USER_PATHS = NO;
				CLANG_ANALYZER_NONNULL = YES;
				CLANG_ANALYZER_NUMBER_OBJECT_CONVERSION = YES_AGGRESSIVE;
				CLANG_CXX_LANGUAGE_STANDARD = "gnu++17";
				CLANG_ENABLE_MODULES = YES;
				CLANG_ENABLE_OBJC_ARC = YES;
				CLANG_ENABLE_OBJC_WEAK = YES;
				CLANG_WARN_BLOCK_CAPTURE_AUTORELEASING = YES;
				CLANG_WARN_BOOL_CONVERSION = YES;
				CLANG_WARN_COMMA = YES;
				CLANG_WARN_CONSTANT_CONVERSION = YES;
				CLANG_WARN_DEPRECATED_OBJC_IMPLEMENTATIONS = YES;
				CLANG_WARN_DIRECT_OBJC_ISA_USAGE = YES_ERROR;
				CLANG_WARN_DOCUMENTATION_COMMENTS = YES;
				CLANG_WARN_EMPTY_BODY = YES;
				CLANG_WARN_ENUM_CONVERSION = YES;
				CLANG_WARN_INFINITE_RECURSION = YES;
				CLANG_WARN_INT_CONVERSION = YES;
				CLANG_WARN_NON_LITERAL_NULL_CONVERSION = YES;
				CLANG_WARN_OBJC_IMPLICIT_RETAIN_SELF = YES;
				CLANG_WARN_OBJC_LITERAL_CONVERSION = YES;
				CLANG_WARN_OBJC_ROOT_CLASS = YES_ERROR;
				CLANG_WARN_QUOTED_INCLUDE_IN_FRAMEWORK_HEADER = YES;
				CLANG_WARN_RANGE_LOOP_ANALYSIS = YES;
				CLANG_WARN_STRICT_PROTOTYPES = YES;
				CLANG_WARN_SUSPICIOUS_MOVE = YES;
				CLANG_WARN_UNGUARDED_AVAILABILITY = YES_AGGRESSIVE;
				CLANG_WARN_UNREACHABLE_CODE = YES;
				CLANG_WARN__DUPLICATE_METHOD_MATCH = YES;
				COPY_PHASE_STRIP = NO;
				DEBUG_INFORMATION_FORMAT = "dwarf-with-dsym";
				ENABLE_NS_ASSERTIONS = NO;
				ENABLE_STRICT_OBJC_MSGSEND = YES;
				GCC_C_LANGUAGE_STANDARD = gnu11;
				GCC_NO_COMMON_BLOCKS = YES;
				GCC_WARN_64_TO_32_BIT_CONVERSION = YES;
				GCC_WARN_ABOUT_RETURN_TYPE = YES_ERROR;
				GCC_WARN_UNDECLARED_SELECTOR = YES;
				GCC_WARN_UNINITIALIZED_AUTOS = YES_AGGRESSIVE;
				GCC_WARN_UNUSED_FUNCTION = YES;
				GCC_WARN_UNUSED_VARIABLE = YES;
				IPHONEOS_DEPLOYMENT_TARGET = 15.4;
				MTL_ENABLE_DEBUG_INFO = NO;
				MTL_FAST_MATH = YES;
				SDKROOT = iphoneos;
				SWIFT_COMPILATION_MODE = wholemodule;
				SWIFT_OPTIMIZATION_LEVEL = "-O";
				VALIDATE_PRODUCT = YES;
			};
			name = Release;
		};
		5A0493D827F7805C000ACF47 /* Debug */ = {
			isa = XCBuildConfiguration;
			buildSettings = {
				ASSETCATALOG_COMPILER_APPICON_NAME = AppIcon;
				ASSETCATALOG_COMPILER_GLOBAL_ACCENT_COLOR_NAME = AccentColor;
				CODE_SIGN_STYLE = Automatic;
				CURRENT_PROJECT_VERSION = 1;
				GENERATE_INFOPLIST_FILE = YES;
				INFOPLIST_FILE = MAD_Ind04_Wasserott_Rebecca/Info.plist;
				INFOPLIST_KEY_UIApplicationSupportsIndirectInputEvents = YES;
				INFOPLIST_KEY_UILaunchStoryboardName = LaunchScreen;
				INFOPLIST_KEY_UIMainStoryboardFile = Main;
				INFOPLIST_KEY_UISupportedInterfaceOrientations_iPad = "UIInterfaceOrientationPortrait UIInterfaceOrientationPortraitUpsideDown UIInterfaceOrientationLandscapeLeft UIInterfaceOrientationLandscapeRight";
				INFOPLIST_KEY_UISupportedInterfaceOrientations_iPhone = "UIInterfaceOrientationPortrait UIInterfaceOrientationLandscapeLeft UIInterfaceOrientationLandscapeRight";
				LD_RUNPATH_SEARCH_PATHS = (
					"$(inherited)",
					"@executable_path/Frameworks",
				);
				MARKETING_VERSION = 1.0;
				PRODUCT_BUNDLE_IDENTIFIER = "-153.MAD-Ind04-Wasserott-Rebecca";
				PRODUCT_NAME = "$(TARGET_NAME)";
				SWIFT_EMIT_LOC_STRINGS = YES;
				SWIFT_VERSION = 5.0;
				TARGETED_DEVICE_FAMILY = "1,2";
			};
			name = Debug;
		};
		5A0493D927F7805C000ACF47 /* Release */ = {
			isa = XCBuildConfiguration;
			buildSettings = {
				ASSETCATALOG_COMPILER_APPICON_NAME = AppIcon;
				ASSETCATALOG_COMPILER_GLOBAL_ACCENT_COLOR_NAME = AccentColor;
				CODE_SIGN_STYLE = Automatic;
				CURRENT_PROJECT_VERSION = 1;
				GENERATE_INFOPLIST_FILE = YES;
				INFOPLIST_FILE = MAD_Ind04_Wasserott_Rebecca/Info.plist;
				INFOPLIST_KEY_UIApplicationSupportsIndirectInputEvents = YES;
				INFOPLIST_KEY_UILaunchStoryboardName = LaunchScreen;
				INFOPLIST_KEY_UIMainStoryboardFile = Main;
				INFOPLIST_KEY_UISupportedInterfaceOrientations_iPad = "UIInterfaceOrientationPortrait UIInterfaceOrientationPortraitUpsideDown UIInterfaceOrientationLandscapeLeft UIInterfaceOrientationLandscapeRight";
				INFOPLIST_KEY_UISupportedInterfaceOrientations_iPhone = "UIInterfaceOrientationPortrait UIInterfaceOrientationLandscapeLeft UIInterfaceOrientationLandscapeRight";
				LD_RUNPATH_SEARCH_PATHS = (
					"$(inherited)",
					"@executable_path/Frameworks",
				);
				MARKETING_VERSION = 1.0;
				PRODUCT_BUNDLE_IDENTIFIER = "-153.MAD-Ind04-Wasserott-Rebecca";
				PRODUCT_NAME = "$(TARGET_NAME)";
				SWIFT_EMIT_LOC_STRINGS = YES;
				SWIFT_VERSION = 5.0;
				TARGETED_DEVICE_FAMILY = "1,2";
			};
			name = Release;
		};
		5A0493DB27F7805C000ACF47 /* Debug */ = {
			isa = XCBuildConfiguration;
			buildSettings = {
				ALWAYS_EMBED_SWIFT_STANDARD_LIBRARIES = YES;
				BUNDLE_LOADER = "$(TEST_HOST)";
				CODE_SIGN_STYLE = Automatic;
				CURRENT_PROJECT_VERSION = 1;
				GENERATE_INFOPLIST_FILE = YES;
				IPHONEOS_DEPLOYMENT_TARGET = 15.4;
				MARKETING_VERSION = 1.0;
				PRODUCT_BUNDLE_IDENTIFIER = "-153.MAD-Ind04-Wasserott-RebeccaTests";
				PRODUCT_NAME = "$(TARGET_NAME)";
				SWIFT_EMIT_LOC_STRINGS = NO;
				SWIFT_VERSION = 5.0;
				TARGETED_DEVICE_FAMILY = "1,2";
				TEST_HOST = "$(BUILT_PRODUCTS_DIR)/MAD_Ind04_Wasserott_Rebecca.app/MAD_Ind04_Wasserott_Rebecca";
			};
			name = Debug;
		};
		5A0493DC27F7805C000ACF47 /* Release */ = {
			isa = XCBuildConfiguration;
			buildSettings = {
				ALWAYS_EMBED_SWIFT_STANDARD_LIBRARIES = YES;
				BUNDLE_LOADER = "$(TEST_HOST)";
				CODE_SIGN_STYLE = Automatic;
				CURRENT_PROJECT_VERSION = 1;
				GENERATE_INFOPLIST_FILE = YES;
				IPHONEOS_DEPLOYMENT_TARGET = 15.4;
				MARKETING_VERSION = 1.0;
				PRODUCT_BUNDLE_IDENTIFIER = "-153.MAD-Ind04-Wasserott-RebeccaTests";
				PRODUCT_NAME = "$(TARGET_NAME)";
				SWIFT_EMIT_LOC_STRINGS = NO;
				SWIFT_VERSION = 5.0;
				TARGETED_DEVICE_FAMILY = "1,2";
				TEST_HOST = "$(BUILT_PRODUCTS_DIR)/MAD_Ind04_Wasserott_Rebecca.app/MAD_Ind04_Wasserott_Rebecca";
			};
			name = Release;
		};
		5A0493DE27F7805C000ACF47 /* Debug */ = {
			isa = XCBuildConfiguration;
			buildSettings = {
				ALWAYS_EMBED_SWIFT_STANDARD_LIBRARIES = YES;
				CODE_SIGN_STYLE = Automatic;
				CURRENT_PROJECT_VERSION = 1;
				GENERATE_INFOPLIST_FILE = YES;
				MARKETING_VERSION = 1.0;
				PRODUCT_BUNDLE_IDENTIFIER = "-153.MAD-Ind04-Wasserott-RebeccaUITests";
				PRODUCT_NAME = "$(TARGET_NAME)";
				SWIFT_EMIT_LOC_STRINGS = NO;
				SWIFT_VERSION = 5.0;
				TARGETED_DEVICE_FAMILY = "1,2";
				TEST_TARGET_NAME = MAD_Ind04_Wasserott_Rebecca;
			};
			name = Debug;
		};
		5A0493DF27F7805C000ACF47 /* Release */ = {
			isa = XCBuildConfiguration;
			buildSettings = {
				ALWAYS_EMBED_SWIFT_STANDARD_LIBRARIES = YES;
				CODE_SIGN_STYLE = Automatic;
				CURRENT_PROJECT_VERSION = 1;
				GENERATE_INFOPLIST_FILE = YES;
				MARKETING_VERSION = 1.0;
				PRODUCT_BUNDLE_IDENTIFIER = "-153.MAD-Ind04-Wasserott-RebeccaUITests";
				PRODUCT_NAME = "$(TARGET_NAME)";
				SWIFT_EMIT_LOC_STRINGS = NO;
				SWIFT_VERSION = 5.0;
				TARGETED_DEVICE_FAMILY = "1,2";
				TEST_TARGET_NAME = MAD_Ind04_Wasserott_Rebecca;
			};
			name = Release;
		};
/* End XCBuildConfiguration section */

/* Begin XCConfigurationList section */
		5A0493A527F78055000ACF47 /* Build configuration list for PBXProject "MAD_Ind04_Wasserott_Rebecca" */ = {
			isa = XCConfigurationList;
			buildConfigurations = (
				5A0493D527F7805C000ACF47 /* Debug */,
				5A0493D627F7805C000ACF47 /* Release */,
			);
			defaultConfigurationIsVisible = 0;
			defaultConfigurationName = Release;
		};
		5A0493D727F7805C000ACF47 /* Build configuration list for PBXNativeTarget "MAD_Ind04_Wasserott_Rebecca" */ = {
			isa = XCConfigurationList;
			buildConfigurations = (
				5A0493D827F7805C000ACF47 /* Debug */,
				5A0493D927F7805C000ACF47 /* Release */,
			);
			defaultConfigurationIsVisible = 0;
			defaultConfigurationName = Release;
		};
		5A0493DA27F7805C000ACF47 /* Build configuration list for PBXNativeTarget "MAD_Ind04_Wasserott_RebeccaTests" */ = {
			isa = XCConfigurationList;
			buildConfigurations = (
				5A0493DB27F7805C000ACF47 /* Debug */,
				5A0493DC27F7805C000ACF47 /* Release */,
			);
			defaultConfigurationIsVisible = 0;
			defaultConfigurationName = Release;
		};
		5A0493DD27F7805C000ACF47 /* Build configuration list for PBXNativeTarget "MAD_Ind04_Wasserott_RebeccaUITests" */ = {
			isa = XCConfigurationList;
			buildConfigurations = (
				5A0493DE27F7805C000ACF47 /* Debug */,
				5A0493DF27F7805C000ACF47 /* Release */,
			);
			defaultConfigurationIsVisible = 0;
			defaultConfigurationName = Release;
		};
/* End XCConfigurationList section */

/* Begin XCVersionGroup section */
		5A0493B627F78055000ACF47 /* MAD_Ind04_Wasserott_Rebecca.xcdatamodeld */ = {
			isa = XCVersionGroup;
			children = (
				5A0493B727F78055000ACF47 /* MAD_Ind04_Wasserott_Rebecca.xcdatamodel */,
			);
			currentVersion = 5A0493B727F78055000ACF47 /* MAD_Ind04_Wasserott_Rebecca.xcdatamodel */;
			path = MAD_Ind04_Wasserott_Rebecca.xcdatamodeld;
			sourceTree = "<group>";
			versionGroupType = wrapper.xcdatamodel;
		};
/* End XCVersionGroup section */
	};
	rootObject = 5A0493A227F78055000ACF47 /* Project object */;
}
